
Microsoft Visual Studio Solution File, Format Version 11.00
# Visual Studio 2010
Project("{FAE04EC0-301F-11D3-BF4B-00C04F79EFBC}") = "Multimodala", "Assembly-CSharp.csproj", "{0C957E0C-9E4B-939D-674C-651BF90DC5E9}"
EndProject
Project("{FAE04EC0-301F-11D3-BF4B-00C04F79EFBC}") = "Multimodala", "Assembly-CSharp-Editor.csproj", "{146E0D37-A9A7-19CC-17C9-A5E778D4A072}"
EndProject
Global
	GlobalSection(SolutionConfigurationPlatforms) = preSolution
		Debug|Any CPU = Debug|Any CPU
		Release|Any CPU = Release|Any CPU
	EndGlobalSection
	GlobalSection(ProjectConfigurationPlatforms) = postSolution
		{0C957E0C-9E4B-939D-674C-651BF90DC5E9}.Debug|Any CPU.ActiveCfg = Debug|Any CPU
		{0C957E0C-9E4B-939D-674C-651BF90DC5E9}.Debug|Any CPU.Build.0 = Debug|Any CPU
		{0C957E0C-9E4B-939D-674C-651BF90DC5E9}.Release|Any CPU.ActiveCfg = Release|Any CPU
		{0C957E0C-9E4B-939D-674C-651BF90DC5E9}.Release|Any CPU.Build.0 = Release|Any CPU
		{146E0D37-A9A7-19CC-17C9-A5E778D4A072}.Debug|Any CPU.ActiveCfg = Debug|Any CPU
		{146E0D37-A9A7-19CC-17C9-A5E778D4A072}.Debug|Any CPU.Build.0 = Debug|Any CPU
		{146E0D37-A9A7-19CC-17C9-A5E778D4A072}.Release|Any CPU.ActiveCfg = Release|Any CPU
		{146E0D37-A9A7-19CC-17C9-A5E778D4A072}.Release|Any CPU.Build.0 = Release|Any CPU
	EndGlobalSection
	GlobalSection(SolutionProperties) = preSolution
		HideSolutionNode = FALSE
	EndGlobalSection
	GlobalSection(MonoDevelopProperties) = preSolution
		StartupItem = Assembly-CSharp.csproj
	EndGlobalSection
EndGlobal
